
Microsoft Visual Studio Solution File, Format Version 12.00
# Visual Studio Version 16
VisualStudioVersion = 16.0.30907.101
MinimumVisualStudioVersion = 15.0.26124.0
Project("{9A19103F-16F7-4668-BE54-9A1E7A4F7556}") = "NetTopologySuite.Curve", "src\NetTopologySuite.Curved\NetTopologySuite.Curve.csproj", "{153BD541-1128-4096-A98C-F30C31D419A3}"
EndProject
Project("{9A19103F-16F7-4668-BE54-9A1E7A4F7556}") = "NetTopologySuite.Curve.Test", "test\NetTopologySuite.Curved.Test\NetTopologySuite.Curve.Test.csproj", "{87A5A2F7-22A5-4D3B-99D2-C248D4A0E0D9}"
EndProject
Project("{9A19103F-16F7-4668-BE54-9A1E7A4F7556}") = "NetTopologySuite", "NetTopologySuite\src\NetTopologySuite\NetTopologySuite.csproj", "{F4240A2C-D350-4AEB-98F0-FCEB654F01CB}"
EndProject
Project("{2150E333-8FDC-42A3-9474-1A3956D46DE8}") = "Solution Items", "Solution Items", "{6B7EAD51-2D87-4D66-A65F-2DBF747D608D}"
	ProjectSection(SolutionItems) = preProject
		.editorconfig = .editorconfig
	EndProjectSection
EndProject
Global
	GlobalSection(SolutionConfigurationPlatforms) = preSolution
		Debug|Any CPU = Debug|Any CPU
		Debug|x64 = Debug|x64
		Debug|x86 = Debug|x86
		Release|Any CPU = Release|Any CPU
		Release|x64 = Release|x64
		Release|x86 = Release|x86
	EndGlobalSection
	GlobalSection(ProjectConfigurationPlatforms) = postSolution
		{153BD541-1128-4096-A98C-F30C31D419A3}.Debug|Any CPU.ActiveCfg = Debug|Any CPU
		{153BD541-1128-4096-A98C-F30C31D419A3}.Debug|Any CPU.Build.0 = Debug|Any CPU
		{153BD541-1128-4096-A98C-F30C31D419A3}.Debug|x64.ActiveCfg = Debug|Any CPU
		{153BD541-1128-4096-A98C-F30C31D419A3}.Debug|x64.Build.0 = Debug|Any CPU
		{153BD541-1128-4096-A98C-F30C31D419A3}.Debug|x86.ActiveCfg = Debug|Any CPU
		{153BD541-1128-4096-A98C-F30C31D419A3}.Debug|x86.Build.0 = Debug|Any CPU
		{153BD541-1128-4096-A98C-F30C31D419A3}.Release|Any CPU.ActiveCfg = Release|Any CPU
		{153BD541-1128-4096-A98C-F30C31D419A3}.Release|Any CPU.Build.0 = Release|Any CPU
		{153BD541-1128-4096-A98C-F30C31D419A3}.Release|x64.ActiveCfg = Release|Any CPU
		{153BD541-1128-4096-A98C-F30C31D419A3}.Release|x64.Build.0 = Release|Any CPU
		{153BD541-1128-4096-A98C-F30C31D419A3}.Release|x86.ActiveCfg = Release|Any CPU
		{153BD541-1128-4096-A98C-F30C31D419A3}.Release|x86.Build.0 = Release|Any CPU
		{87A5A2F7-22A5-4D3B-99D2-C248D4A0E0D9}.Debug|Any CPU.ActiveCfg = Debug|Any CPU
		{87A5A2F7-22A5-4D3B-99D2-C248D4A0E0D9}.Debug|Any CPU.Build.0 = Debug|Any CPU
		{87A5A2F7-22A5-4D3B-99D2-C248D4A0E0D9}.Debug|x64.ActiveCfg = Debug|Any CPU
		{87A5A2F7-22A5-4D3B-99D2-C248D4A0E0D9}.Debug|x64.Build.0 = Debug|Any CPU
		{87A5A2F7-22A5-4D3B-99D2-C248D4A0E0D9}.Debug|x86.ActiveCfg = Debug|Any CPU
		{87A5A2F7-22A5-4D3B-99D2-C248D4A0E0D9}.Debug|x86.Build.0 = Debug|Any CPU
		{87A5A2F7-22A5-4D3B-99D2-C248D4A0E0D9}.Release|Any CPU.ActiveCfg = Release|Any CPU
		{87A5A2F7-22A5-4D3B-99D2-C248D4A0E0D9}.Release|Any CPU.Build.0 = Release|Any CPU
		{87A5A2F7-22A5-4D3B-99D2-C248D4A0E0D9}.Release|x64.ActiveCfg = Release|Any CPU
		{87A5A2F7-22A5-4D3B-99D2-C248D4A0E0D9}.Release|x64.Build.0 = Release|Any CPU
		{87A5A2F7-22A5-4D3B-99D2-C248D4A0E0D9}.Release|x86.ActiveCfg = Release|Any CPU
		{87A5A2F7-22A5-4D3B-99D2-C248D4A0E0D9}.Release|x86.Build.0 = Release|Any CPU
		{F4240A2C-D350-4AEB-98F0-FCEB654F01CB}.Debug|Any CPU.ActiveCfg = Debug|Any CPU
		{F4240A2C-D350-4AEB-98F0-FCEB654F01CB}.Debug|Any CPU.Build.0 = Debug|Any CPU
		{F4240A2C-D350-4AEB-98F0-FCEB654F01CB}.Debug|x64.ActiveCfg = Debug|Any CPU
		{F4240A2C-D350-4AEB-98F0-FCEB654F01CB}.Debug|x64.Build.0 = Debug|Any CPU
		{F4240A2C-D350-4AEB-98F0-FCEB654F01CB}.Debug|x86.ActiveCfg = Debug|Any CPU
		{F4240A2C-D350-4AEB-98F0-FCEB654F01CB}.Debug|x86.Build.0 = Debug|Any CPU
		{F4240A2C-D350-4AEB-98F0-FCEB654F01CB}.Release|Any CPU.ActiveCfg = Release|Any CPU
		{F4240A2C-D350-4AEB-98F0-FCEB654F01CB}.Release|Any CPU.Build.0 = Release|Any CPU
		{F4240A2C-D350-4AEB-98F0-FCEB654F01CB}.Release|x64.ActiveCfg = Release|Any CPU
		{F4240A2C-D350-4AEB-98F0-FCEB654F01CB}.Release|x64.Build.0 = Release|Any CPU
		{F4240A2C-D350-4AEB-98F0-FCEB654F01CB}.Release|x86.ActiveCfg = Release|Any CPU
		{F4240A2C-D350-4AEB-98F0-FCEB654F01CB}.Release|x86.Build.0 = Release|Any CPU
	EndGlobalSection
	GlobalSection(SolutionProperties) = preSolution
		HideSolutionNode = FALSE
	EndGlobalSection
	GlobalSection(ExtensibilityGlobals) = postSolution
		SolutionGuid = {5F67F7C6-9DD8-4369-A7DC-AEA1587D08D8}
	EndGlobalSection
EndGlobal
